// !$*UTF8*$!
{
	archiveVersion = 1;
	classes = {
	};
	objectVersion = 38;
	objects = {
		043355C9FE30361CC02AAC07 = {
			buildActionMask = 2147483647;
			files = (
			);
			isa = PBXJavaArchiveBuildPhase;
			runOnlyForDeploymentPostprocessing = 0;
		};
//040
//041
//042
//043
//044
//080
//081
//082
//083
//084
		080E96DCFE201CFB7F000001 = {
			fileRef = 29B97318FDCFA39411CA2CEA;
			isa = PBXBuildFile;
			settings = {
			};
		};
		089C165CFE840E0CC02AAC07 = {
			children = (
				089C165DFE840E0CC02AAC07,
			);
			isa = PBXVariantGroup;
			name = InfoPlist.strings;
			refType = 4;
		};
		089C165DFE840E0CC02AAC07 = {
			fileEncoding = 10;
			isa = PBXFileReference;
			name = English;
			path = English.lproj/InfoPlist.strings;
			refType = 4;
		};
		089C165EFE840E0CC02AAC07 = {
			fileRef = 089C165CFE840E0CC02AAC07;
			isa = PBXBuildFile;
			settings = {
			};
		};
//080
//081
//082
//083
//084
//100
//101
//102
//103
//104
		1058C7A0FEA54F0111CA2CBB = {
			children = (
				1058C7A1FEA54F0111CA2CBB,
			);
			isa = PBXGroup;
			name = "Linked Frameworks";
			refType = 4;
		};
		1058C7A1FEA54F0111CA2CBB = {
			isa = PBXFrameworkReference;
			name = Cocoa.framework;
			path = /System/Library/Frameworks/Cocoa.framework;
			refType = 0;
		};
		1058C7A2FEA54F0111CA2CBB = {
			children = (
				29B97325FDCFA39411CA2CEA,
				29B97324FDCFA39411CA2CEA,
			);
			isa = PBXGroup;
			name = "Other Frameworks";
			refType = 4;
		};
		1058C7A3FEA54F0111CA2CBB = {
			fileRef = 1058C7A1FEA54F0111CA2CBB;
			isa = PBXBuildFile;
			settings = {
			};
		};
//100
//101
//102
//103
//104
//170
//171
//172
//173
//174
		17587328FF379C6511CA2CBB = {
			isa = PBXApplicationReference;
			path = AceExpander.app;
			refType = 3;
		};
//170
//171
//172
//173
//174
//190
//191
//192
//193
//194
		19C28FACFE9D520D11CA2CBB = {
			children = (
				17587328FF379C6511CA2CBB,
			);
			isa = PBXGroup;
			name = Products;
			refType = 4;
		};
//190
//191
//192
//193
//194
//290
//291
//292
//293
//294
		29B97313FDCFA39411CA2CEA = {
			buildStyles = (
				4A9504D3FFE6A4CB11CA0CBA,
				4A9504D4FFE6A4CB11CA0CBA,
			);
			hasScannedForEncodings = 1;
			isa = PBXProject;
			mainGroup = 29B97314FDCFA39411CA2CEA;
			projectDirPath = "";
			targets = (
				29B97326FDCFA39411CA2CEA,
			);
		};
		29B97314FDCFA39411CA2CEA = {
			children = (
				CD8139BC0678D08E00A80104,
				29B97315FDCFA39411CA2CEA,
				29B97317FDCFA39411CA2CEA,
				29B97323FDCFA39411CA2CEA,
				19C28FACFE9D520D11CA2CBB,
				CD8139B90678D05F00A80104,
				CDBF8E5F0678D1B500A80104,
				CDBF8E5D0678D18C00A80104,
			);
			isa = PBXGroup;
			name = AceExpander;
			path = "";
			refType = 4;
		};
		29B97315FDCFA39411CA2CEA = {
			children = (
				32DBCF7B0370BD5C00C91783,
				29B97316FDCFA39411CA2CEA,
			);
			isa = PBXGroup;
			name = "Other Sources";
			path = Sources;
			refType = 4;
		};
		29B97316FDCFA39411CA2CEA = {
			fileEncoding = 30;
			isa = PBXFileReference;
			path = main.m;
			refType = 4;
		};
		29B97317FDCFA39411CA2CEA = {
			children = (
				29B97318FDCFA39411CA2CEA,
				CDBF8E570678D16900A80104,
				CDBF8E590678D16900A80104,
				089C165CFE840E0CC02AAC07,
			);
			isa = PBXGroup;
			name = Resources;
			path = "";
			refType = 4;
		};
		29B97318FDCFA39411CA2CEA = {
			children = (
				29B97319FDCFA39411CA2CEA,
			);
			isa = PBXVariantGroup;
			name = MainMenu.nib;
			path = "";
			refType = 4;
		};
		29B97319FDCFA39411CA2CEA = {
			isa = PBXFileReference;
			name = English;
			path = English.lproj/MainMenu.nib;
			refType = 4;
		};
		29B97323FDCFA39411CA2CEA = {
			children = (
				1058C7A0FEA54F0111CA2CBB,
				1058C7A2FEA54F0111CA2CBB,
			);
			isa = PBXGroup;
			name = Frameworks;
			path = "";
			refType = 4;
		};
		29B97324FDCFA39411CA2CEA = {
			isa = PBXFrameworkReference;
			name = AppKit.framework;
			path = /System/Library/Frameworks/AppKit.framework;
			refType = 0;
		};
		29B97325FDCFA39411CA2CEA = {
			isa = PBXFrameworkReference;
			name = Foundation.framework;
			path = /System/Library/Frameworks/Foundation.framework;
			refType = 0;
		};
		29B97326FDCFA39411CA2CEA = {
			buildPhases = (
				29B97327FDCFA39411CA2CEA,
				29B97328FDCFA39411CA2CEA,
				29B9732BFDCFA39411CA2CEA,
				043355C9FE30361CC02AAC07,
				29B9732DFDCFA39411CA2CEA,
			);
			buildSettings = {
				FRAMEWORK_SEARCH_PATHS = "";
				HEADER_SEARCH_PATHS = "";
				INSTALL_PATH = "$(HOME)/Applications";
				JAVAC_SOURCE_FILE_ENCODING = "UTF-8";
				JAVA_COMPILER_DEPRECATED_WARNINGS = YES;
				JAVA_SOURCE_SUBDIR = .;
				LIBRARY_SEARCH_PATHS = "";
				OTHER_CFLAGS = "";
				OTHER_LDFLAGS = "";
				PRECOMPILE_PREFIX_HEADER = YES;
				PREFIX_HEADER = AceExpander_Prefix.h;
				PRODUCT_NAME = AceExpander;
				SECTORDER_FLAGS = "";
				WARNING_CFLAGS = "-Wmost -Wno-four-char-constants -Wno-unknown-pragmas";
				WRAPPER_EXTENSION = app;
			};
			comments = "A Mac OS X graphical user interface to the unace command line utility";
			dependencies = (
			);
			isa = PBXApplicationTarget;
			name = AceExpander;
			productInstallPath = "$(HOME)/Applications";
			productName = AceExpander;
			productReference = 17587328FF379C6511CA2CBB;
			productSettingsXML = "<?xml version=\"1.0\" encoding=\"UTF-8\"?>
<!DOCTYPE plist PUBLIC \"-//Apple Computer//DTD PLIST 1.0//EN\" \"http://www.apple.com/DTDs/PropertyList-1.0.dtd\">
<plist version=\"1.0\">
<dict>
	<key>CFBundleDevelopmentRegion</key>
	<string>English</string>
	<key>CFBundleDocumentTypes</key>
	<array>
		<dict>
			<key>CFBundleTypeExtensions</key>
			<array>
				<string>ace</string>
			</array>
			<key>CFBundleTypeName</key>
			<string>ACE archives</string>
		</dict>
	</array>
	<key>CFBundleExecutable</key>
	<string>AceExpander</string>
	<key>CFBundleIconFile</key>
	<string></string>
	<key>CFBundleIdentifier</key>
	<string>ch.herzbube.aceexpander</string>
	<key>CFBundleInfoDictionaryVersion</key>
	<string>6.0</string>
	<key>CFBundlePackageType</key>
	<string>APPL</string>
	<key>CFBundleSignature</key>
	<string>????</string>
	<key>CFBundleVersion</key>
	<string>0.6</string>
	<key>NSJavaNeeded</key>
	<string>YES</string>
	<key>NSJavaPath</key>
	<array>
		<string>AceExpander.jar</string>
	</array>
	<key>NSJavaRoot</key>
	<string>Contents/Resources/Java</string>
	<key>NSMainNibFile</key>
	<string>MainMenu</string>
	<key>NSPrincipalClass</key>
	<string>NSApplication</string>
</dict>
</plist>
";
		};
		29B97327FDCFA39411CA2CEA = {
			buildActionMask = 2147483647;
			files = (
				32DBCF7C0370BD5C00C91783,
			);
			isa = PBXHeadersBuildPhase;
			runOnlyForDeploymentPostprocessing = 0;
		};
		29B97328FDCFA39411CA2CEA = {
			buildActionMask = 2147483647;
			files = (
				080E96DCFE201CFB7F000001,
				089C165EFE840E0CC02AAC07,
				CDBF8E500678D14900A80104,
				CDBF8E520678D14900A80104,
				CDBF8E560678D14900A80104,
				CDBF8E5B0678D16900A80104,
				CDBF8E5C0678D16900A80104,
				CDBF8E5E0678D18C00A80104,
				CDBF8E620678D1DB00A80104,
				CDBF8E630678D1DB00A80104,
				CDBF8E650678D2FF00A80104,
			);
			isa = PBXResourcesBuildPhase;
			runOnlyForDeploymentPostprocessing = 0;
		};
		29B9732BFDCFA39411CA2CEA = {
			buildActionMask = 2147483647;
			files = (
				29B9732CFDCFA39411CA2CEA,
				CDBF8E430678D12900A80104,
				CDBF8E440678D12900A80104,
				CDBF8E450678D12900A80104,
				CDBF8E460678D12900A80104,
				CDBF8E470678D12900A80104,
				CDBF8E480678D12900A80104,
			);
			isa = PBXSourcesBuildPhase;
			runOnlyForDeploymentPostprocessing = 0;
		};
		29B9732CFDCFA39411CA2CEA = {
			fileRef = 29B97316FDCFA39411CA2CEA;
			isa = PBXBuildFile;
			settings = {
				ATTRIBUTES = (
				);
			};
		};
		29B9732DFDCFA39411CA2CEA = {
			buildActionMask = 2147483647;
			files = (
				1058C7A3FEA54F0111CA2CBB,
			);
			isa = PBXFrameworksBuildPhase;
			runOnlyForDeploymentPostprocessing = 0;
		};
//290
//291
//292
//293
//294
//320
//321
//322
//323
//324
		32DBCF7B0370BD5C00C91783 = {
			fileEncoding = 4;
			isa = PBXFileReference;
			path = AceExpander_Prefix.h;
			refType = 4;
		};
		32DBCF7C0370BD5C00C91783 = {
			fileRef = 32DBCF7B0370BD5C00C91783;
			isa = PBXBuildFile;
			settings = {
			};
		};
//320
//321
//322
//323
//324
//4A0
//4A1
//4A2
//4A3
//4A4
		4A9504D3FFE6A4CB11CA0CBA = {
			buildRules = (
			);
			buildSettings = {
				COPY_PHASE_STRIP = NO;
				OPTIMIZATION_CFLAGS = "-O0";
			};
			isa = PBXBuildStyle;
			name = Development;
		};
		4A9504D4FFE6A4CB11CA0CBA = {
			buildRules = (
			);
			buildSettings = {
				COPY_PHASE_STRIP = YES;
			};
			isa = PBXBuildStyle;
			name = Deployment;
		};
//4A0
//4A1
//4A2
//4A3
//4A4
//CD0
//CD1
//CD2
//CD3
//CD4
		CD8139B90678D05F00A80104 = {
			children = (
				CDBF8E490678D14900A80104,
				CDBF8E4B0678D14900A80104,
				CDBF8E4F0678D14900A80104,
				CDBF8E640678D2FF00A80104,
				CDBF8E4A0678D14900A80104,
				CDBF8E4C0678D14900A80104,
				CDBF8E4D0678D14900A80104,
				CDBF8E4E0678D14900A80104,
			);
			isa = PBXGroup;
			name = Documents;
			path = Sources;
			refType = 4;
		};
		CD8139BC0678D08E00A80104 = {
			children = (
				CDBF8E3D0678D12900A80104,
				CDBF8E3E0678D12900A80104,
				CDBF8E3F0678D12900A80104,
				CDBF8E400678D12900A80104,
				CDBF8E410678D12900A80104,
				CDBF8E420678D12900A80104,
			);
			isa = PBXGroup;
			path = Sources;
			refType = 4;
		};
		CDBF8E3D0678D12900A80104 = {
			fileEncoding = 4;
			isa = PBXFileReference;
			path = AceExpanderController.java;
			refType = 4;
		};
		CDBF8E3E0678D12900A80104 = {
			fileEncoding = 4;
			isa = PBXFileReference;
			path = AceExpanderItem.java;
			refType = 4;
		};
		CDBF8E3F0678D12900A80104 = {
			fileEncoding = 4;
			isa = PBXFileReference;
			path = AceExpanderModel.java;
			refType = 4;
		};
		CDBF8E400678D12900A80104 = {
			fileEncoding = 4;
			isa = PBXFileReference;
			path = AceExpanderPreferences.java;
			refType = 4;
		};
		CDBF8E410678D12900A80104 = {
			fileEncoding = 4;
			isa = PBXFileReference;
			path = AceExpanderTableView.java;
			refType = 4;
		};
		CDBF8E420678D12900A80104 = {
			fileEncoding = 4;
			isa = PBXFileReference;
			path = AceExpanderThread.java;
			refType = 4;
		};
		CDBF8E430678D12900A80104 = {
			fileRef = CDBF8E3D0678D12900A80104;
			isa = PBXBuildFile;
			settings = {
			};
		};
		CDBF8E440678D12900A80104 = {
			fileRef = CDBF8E3E0678D12900A80104;
			isa = PBXBuildFile;
			settings = {
			};
		};
		CDBF8E450678D12900A80104 = {
			fileRef = CDBF8E3F0678D12900A80104;
			isa = PBXBuildFile;
			settings = {
			};
		};
		CDBF8E460678D12900A80104 = {
			fileRef = CDBF8E400678D12900A80104;
			isa = PBXBuildFile;
			settings = {
			};
		};
		CDBF8E470678D12900A80104 = {
			fileRef = CDBF8E410678D12900A80104;
			isa = PBXBuildFile;
			settings = {
			};
		};
		CDBF8E480678D12900A80104 = {
			fileRef = CDBF8E420678D12900A80104;
			isa = PBXBuildFile;
			settings = {
			};
		};
		CDBF8E490678D14900A80104 = {
			fileEncoding = 4;
			isa = PBXFileReference;
			name = ChangeLog;
			path = Documents/ChangeLog;
			refType = 2;
		};
		CDBF8E4A0678D14900A80104 = {
			fileEncoding = 4;
			isa = PBXFileReference;
			name = Notes;
			path = Documents/Notes;
			refType = 2;
		};
		CDBF8E4B0678D14900A80104 = {
			fileEncoding = 4;
			isa = PBXFileReference;
			name = README;
			path = Documents/README;
			refType = 2;
		};
		CDBF8E4C0678D14900A80104 = {
			fileEncoding = 4;
			isa = PBXFileReference;
			name = ReleasePlan;
			path = Documents/ReleasePlan;
			refType = 2;
		};
		CDBF8E4D0678D14900A80104 = {
			fileEncoding = 4;
			isa = PBXFileReference;
			name = ReleaseSteps;
			path = Documents/ReleaseSteps;
			refType = 2;
		};
		CDBF8E4E0678D14900A80104 = {
			fileEncoding = 4;
			isa = PBXFileReference;
			name = SourceForge;
			path = Documents/SourceForge;
			refType = 2;
		};
		CDBF8E4F0678D14900A80104 = {
			fileEncoding = 4;
			isa = PBXFileReference;
			name = TODO;
			path = Documents/TODO;
			refType = 2;
		};
		CDBF8E500678D14900A80104 = {
			fileRef = CDBF8E490678D14900A80104;
			isa = PBXBuildFile;
			settings = {
			};
		};
		CDBF8E520678D14900A80104 = {
			fileRef = CDBF8E4B0678D14900A80104;
			isa = PBXBuildFile;
			settings = {
			};
		};
		CDBF8E560678D14900A80104 = {
			fileRef = CDBF8E4F0678D14900A80104;
			isa = PBXBuildFile;
			settings = {
			};
		};
		CDBF8E570678D16900A80104 = {
			children = (
				CDBF8E580678D16900A80104,
			);
			isa = PBXVariantGroup;
			name = PasswordDialog.nib;
			path = "";
			refType = 4;
		};
		CDBF8E580678D16900A80104 = {
			isa = PBXFileReference;
			name = English;
			path = English.lproj/PasswordDialog.nib;
			refType = 4;
		};
		CDBF8E590678D16900A80104 = {
			children = (
				CDBF8E5A0678D16900A80104,
			);
			isa = PBXVariantGroup;
			name = PreferencesDialog.nib;
			path = "";
			refType = 4;
		};
		CDBF8E5A0678D16900A80104 = {
			isa = PBXFileReference;
			name = English;
			path = English.lproj/PreferencesDialog.nib;
			refType = 4;
		};
		CDBF8E5B0678D16900A80104 = {
			fileRef = CDBF8E570678D16900A80104;
			isa = PBXBuildFile;
			settings = {
			};
		};
		CDBF8E5C0678D16900A80104 = {
			fileRef = CDBF8E590678D16900A80104;
			isa = PBXBuildFile;
			settings = {
			};
		};
		CDBF8E5D0678D18C00A80104 = {
			fileEncoding = 4;
			isa = PBXFileReference;
			path = RegistrationDomainDefaults.plist;
			refType = 4;
		};
		CDBF8E5E0678D18C00A80104 = {
			fileRef = CDBF8E5D0678D18C00A80104;
			isa = PBXBuildFile;
			settings = {
			};
		};
		CDBF8E5F0678D1B500A80104 = {
			children = (
				CDBF8E600678D1DB00A80104,
				CDBF8E610678D1DB00A80104,
			);
			isa = PBXGroup;
			name = unace;
			path = "";
			refType = 2;
		};
		CDBF8E600678D1DB00A80104 = {
			isa = PBXExecutableFileReference;
			name = unace;
			path = unace/unace;
			refType = 4;
		};
		CDBF8E610678D1DB00A80104 = {
			fileEncoding = 4;
			isa = PBXExecutableFileReference;
			name = unace.sh;
			path = unace/unace.sh;
			refType = 4;
		};
		CDBF8E620678D1DB00A80104 = {
			fileRef = CDBF8E600678D1DB00A80104;
			isa = PBXBuildFile;
			settings = {
			};
		};
		CDBF8E630678D1DB00A80104 = {
			fileRef = CDBF8E610678D1DB00A80104;
			isa = PBXBuildFile;
			settings = {
			};
		};
		CDBF8E640678D2FF00A80104 = {
			fileEncoding = 4;
			isa = PBXFileReference;
			name = COPYING;
			path = Documents/COPYING;
			refType = 2;
		};
		CDBF8E650678D2FF00A80104 = {
			fileRef = CDBF8E640678D2FF00A80104;
			isa = PBXBuildFile;
			settings = {
			};
		};
	};
	rootObject = 29B97313FDCFA39411CA2CEA;
}
