// !$*UTF8*$!
{
	archiveVersion = 1;
	classes = {
	};
	objectVersion = 42;
	objects = {

/* Begin PBXBuildFile section */
		8D11072A0486CEB800E47090 /* MainMenu.nib in Resources */ = {isa = PBXBuildFile; fileRef = 29B97318FDCFA39411CA2CEA /* MainMenu.nib */; };
		8D11072F0486CEB800E47090 /* Cocoa.framework in Frameworks */ = {isa = PBXBuildFile; fileRef = 1058C7A1FEA54F0111CA2CBB /* Cocoa.framework */; };
		CDBC09030A5B3009008C18B4 /* main.m in Sources */ = {isa = PBXBuildFile; fileRef = CDBC09020A5B3009008C18B4 /* main.m */; };
		CDBC092D0A5B342C008C18B4 /* ChangeLog in Resources */ = {isa = PBXBuildFile; fileRef = CDBC09220A5B342C008C18B4 /* ChangeLog */; };
		CDBC092E0A5B342C008C18B4 /* COPYING in Resources */ = {isa = PBXBuildFile; fileRef = CDBC09230A5B342C008C18B4 /* COPYING */; };
		CDBC092F0A5B342C008C18B4 /* INSTALL in Resources */ = {isa = PBXBuildFile; fileRef = CDBC09240A5B342C008C18B4 /* INSTALL */; };
		CDBC09300A5B342C008C18B4 /* MANUAL in Resources */ = {isa = PBXBuildFile; fileRef = CDBC09250A5B342C008C18B4 /* MANUAL */; };
		CDBC09310A5B342C008C18B4 /* README in Resources */ = {isa = PBXBuildFile; fileRef = CDBC09260A5B342C008C18B4 /* README */; };
		CDBC09320A5B342C008C18B4 /* README.developer in Resources */ = {isa = PBXBuildFile; fileRef = CDBC09270A5B342C008C18B4 /* README.developer */; };
		CDBC09330A5B342C008C18B4 /* ReleasePlan in Resources */ = {isa = PBXBuildFile; fileRef = CDBC09280A5B342C008C18B4 /* ReleasePlan */; };
		CDBC09340A5B342C008C18B4 /* ReleaseSteps in Resources */ = {isa = PBXBuildFile; fileRef = CDBC09290A5B342C008C18B4 /* ReleaseSteps */; };
		CDBC09350A5B342C008C18B4 /* SourceForge in Resources */ = {isa = PBXBuildFile; fileRef = CDBC092A0A5B342C008C18B4 /* SourceForge */; };
		CDBC09360A5B342C008C18B4 /* Testing in Resources */ = {isa = PBXBuildFile; fileRef = CDBC092B0A5B342C008C18B4 /* Testing */; };
		CDBC09370A5B342C008C18B4 /* TODO in Resources */ = {isa = PBXBuildFile; fileRef = CDBC092C0A5B342C008C18B4 /* TODO */; };
		CDBC093B0A5B3486008C18B4 /* Application.icns in Resources */ = {isa = PBXBuildFile; fileRef = CDBC09390A5B3486008C18B4 /* Application.icns */; };
		CDBC093C0A5B3486008C18B4 /* Document.icns in Resources */ = {isa = PBXBuildFile; fileRef = CDBC093A0A5B3486008C18B4 /* Document.icns */; };
		CDBC09400A5B34B0008C18B4 /* unace in Resources */ = {isa = PBXBuildFile; fileRef = CDBC093E0A5B34B0008C18B4 /* unace */; };
		CDBC09410A5B34B0008C18B4 /* unace.sh in Resources */ = {isa = PBXBuildFile; fileRef = CDBC093F0A5B34B0008C18B4 /* unace.sh */; };
		CDBC09440A5B34E8008C18B4 /* RegistrationDomainDefaults.plist in Resources */ = {isa = PBXBuildFile; fileRef = CDBC09430A5B34E8008C18B4 /* RegistrationDomainDefaults.plist */; };
		CDBC096B0A5B37C4008C18B4 /* PasswordDialog.nib in Resources */ = {isa = PBXBuildFile; fileRef = CDBC09670A5B37C4008C18B4 /* PasswordDialog.nib */; };
		CDBC096C0A5B37C4008C18B4 /* PreferencesDialog.nib in Resources */ = {isa = PBXBuildFile; fileRef = CDBC09690A5B37C4008C18B4 /* PreferencesDialog.nib */; };
		CDCD01A40A60EE0600904705 /* AceXpanderController.m in Sources */ = {isa = PBXBuildFile; fileRef = CDCD01A10A60EE0600904705 /* AceXpanderController.m */; };
		CDCD01A50A60EE0600904705 /* AceXpanderModel.m in Sources */ = {isa = PBXBuildFile; fileRef = CDCD01A30A60EE0600904705 /* AceXpanderModel.m */; };
		CDCD01E40A61589C00904705 /* AceXpanderThread.m in Sources */ = {isa = PBXBuildFile; fileRef = CDCD01E30A61589A00904705 /* AceXpanderThread.m */; };
		CDCD01ED0A61592E00904705 /* AceXpanderContentItem.m in Sources */ = {isa = PBXBuildFile; fileRef = CDCD01E60A61592E00904705 /* AceXpanderContentItem.m */; };
		CDCD01EF0A61592E00904705 /* AceXpanderPreferences.m in Sources */ = {isa = PBXBuildFile; fileRef = CDCD01EA0A61592E00904705 /* AceXpanderPreferences.m */; };
		CDCD01F00A61592E00904705 /* AceXpanderTableView.m in Sources */ = {isa = PBXBuildFile; fileRef = CDCD01EC0A61592E00904705 /* AceXpanderTableView.m */; };
		CDCD99850A5D85F4000EBEDB /* AceXpanderItem.m in Sources */ = {isa = PBXBuildFile; fileRef = CDCD99840A5D85F4000EBEDB /* AceXpanderItem.m */; };
		CDECDBBD0AF6D0DE004227BB /* Credits.rtf in Resources */ = {isa = PBXBuildFile; fileRef = CDECDBBB0AF6D0DE004227BB /* Credits.rtf */; };
/* End PBXBuildFile section */

/* Begin PBXFileReference section */
		1058C7A1FEA54F0111CA2CBB /* Cocoa.framework */ = {isa = PBXFileReference; lastKnownFileType = wrapper.framework; name = Cocoa.framework; path = /System/Library/Frameworks/Cocoa.framework; sourceTree = "<absolute>"; };
		13E42FB307B3F0F600E4EEF1 /* CoreData.framework */ = {isa = PBXFileReference; lastKnownFileType = wrapper.framework; name = CoreData.framework; path = /System/Library/Frameworks/CoreData.framework; sourceTree = "<absolute>"; };
		29B97319FDCFA39411CA2CEA /* English */ = {isa = PBXFileReference; lastKnownFileType = wrapper.nib; name = English; path = English.lproj/MainMenu.nib; sourceTree = "<group>"; };
		29B97324FDCFA39411CA2CEA /* AppKit.framework */ = {isa = PBXFileReference; lastKnownFileType = wrapper.framework; name = AppKit.framework; path = /System/Library/Frameworks/AppKit.framework; sourceTree = "<absolute>"; };
		29B97325FDCFA39411CA2CEA /* Foundation.framework */ = {isa = PBXFileReference; lastKnownFileType = wrapper.framework; name = Foundation.framework; path = /System/Library/Frameworks/Foundation.framework; sourceTree = "<absolute>"; };
		8D1107310486CEB800E47090 /* Info.plist */ = {isa = PBXFileReference; fileEncoding = 4; lastKnownFileType = text.plist; path = Info.plist; sourceTree = "<group>"; };
		8D1107320486CEB800E47090 /* AceXpander.app */ = {isa = PBXFileReference; explicitFileType = wrapper.application; includeInIndex = 0; path = AceXpander.app; sourceTree = BUILT_PRODUCTS_DIR; };
		CDBC09010A5B3008008C18B4 /* AceXpander_Prefix.pch */ = {isa = PBXFileReference; fileEncoding = 4; lastKnownFileType = sourcecode.c.h; name = AceXpander_Prefix.pch; path = Sources/AceXpander_Prefix.pch; sourceTree = "<group>"; };
		CDBC09020A5B3009008C18B4 /* main.m */ = {isa = PBXFileReference; fileEncoding = 4; lastKnownFileType = sourcecode.c.objc; name = main.m; path = Sources/main.m; sourceTree = "<group>"; };
		CDBC09220A5B342C008C18B4 /* ChangeLog */ = {isa = PBXFileReference; fileEncoding = 4; lastKnownFileType = text; name = ChangeLog; path = Documents/ChangeLog; sourceTree = "<group>"; };
		CDBC09230A5B342C008C18B4 /* COPYING */ = {isa = PBXFileReference; fileEncoding = 4; lastKnownFileType = text; name = COPYING; path = Documents/COPYING; sourceTree = "<group>"; };
		CDBC09240A5B342C008C18B4 /* INSTALL */ = {isa = PBXFileReference; fileEncoding = 4; lastKnownFileType = text; name = INSTALL; path = Documents/INSTALL; sourceTree = "<group>"; };
		CDBC09250A5B342C008C18B4 /* MANUAL */ = {isa = PBXFileReference; fileEncoding = 4; lastKnownFileType = text; name = MANUAL; path = Documents/MANUAL; sourceTree = "<group>"; };
		CDBC09260A5B342C008C18B4 /* README */ = {isa = PBXFileReference; fileEncoding = 4; lastKnownFileType = text; name = README; path = Documents/README; sourceTree = "<group>"; };
		CDBC09270A5B342C008C18B4 /* README.developer */ = {isa = PBXFileReference; fileEncoding = 4; lastKnownFileType = text; name = README.developer; path = Documents/README.developer; sourceTree = "<group>"; };
		CDBC09280A5B342C008C18B4 /* ReleasePlan */ = {isa = PBXFileReference; fileEncoding = 4; lastKnownFileType = text; name = ReleasePlan; path = Documents/ReleasePlan; sourceTree = "<group>"; };
		CDBC09290A5B342C008C18B4 /* ReleaseSteps */ = {isa = PBXFileReference; fileEncoding = 4; lastKnownFileType = text; name = ReleaseSteps; path = Documents/ReleaseSteps; sourceTree = "<group>"; };
		CDBC092A0A5B342C008C18B4 /* SourceForge */ = {isa = PBXFileReference; fileEncoding = 4; lastKnownFileType = text; name = SourceForge; path = Documents/SourceForge; sourceTree = "<group>"; };
		CDBC092B0A5B342C008C18B4 /* Testing */ = {isa = PBXFileReference; fileEncoding = 4; lastKnownFileType = text; name = Testing; path = Documents/Testing; sourceTree = "<group>"; };
		CDBC092C0A5B342C008C18B4 /* TODO */ = {isa = PBXFileReference; fileEncoding = 4; lastKnownFileType = text; name = TODO; path = Documents/TODO; sourceTree = "<group>"; };
		CDBC09390A5B3486008C18B4 /* Application.icns */ = {isa = PBXFileReference; lastKnownFileType = image.icns; name = Application.icns; path = Graphics/Application.icns; sourceTree = "<group>"; };
		CDBC093A0A5B3486008C18B4 /* Document.icns */ = {isa = PBXFileReference; lastKnownFileType = image.icns; name = Document.icns; path = Graphics/Document.icns; sourceTree = "<group>"; };
		CDBC093E0A5B34B0008C18B4 /* unace */ = {isa = PBXFileReference; lastKnownFileType = "compiled.mach-o.executable"; name = unace; path = unace/unace; sourceTree = "<group>"; };
		CDBC093F0A5B34B0008C18B4 /* unace.sh */ = {isa = PBXFileReference; fileEncoding = 4; lastKnownFileType = text.script.sh; name = unace.sh; path = unace/unace.sh; sourceTree = "<group>"; };
		CDBC09420A5B34DE008C18B4 /* distribute.sh */ = {isa = PBXFileReference; fileEncoding = 4; lastKnownFileType = text.script.sh; path = distribute.sh; sourceTree = "<group>"; };
		CDBC09430A5B34E8008C18B4 /* RegistrationDomainDefaults.plist */ = {isa = PBXFileReference; fileEncoding = 4; lastKnownFileType = text.xml; path = RegistrationDomainDefaults.plist; sourceTree = "<group>"; };
		CDBC09680A5B37C4008C18B4 /* English */ = {isa = PBXFileReference; lastKnownFileType = wrapper.nib; name = English; path = English.lproj/PasswordDialog.nib; sourceTree = "<group>"; };
		CDBC096A0A5B37C4008C18B4 /* English */ = {isa = PBXFileReference; lastKnownFileType = wrapper.nib; name = English; path = English.lproj/PreferencesDialog.nib; sourceTree = "<group>"; };
		CDCD01A00A60EE0600904705 /* AceXpanderController.h */ = {isa = PBXFileReference; fileEncoding = 4; lastKnownFileType = sourcecode.c.h; name = AceXpanderController.h; path = Sources/AceXpanderController.h; sourceTree = "<group>"; };
		CDCD01A10A60EE0600904705 /* AceXpanderController.m */ = {isa = PBXFileReference; fileEncoding = 4; lastKnownFileType = sourcecode.c.objc; name = AceXpanderController.m; path = Sources/AceXpanderController.m; sourceTree = "<group>"; };
		CDCD01A20A60EE0600904705 /* AceXpanderModel.h */ = {isa = PBXFileReference; fileEncoding = 4; lastKnownFileType = sourcecode.c.h; name = AceXpanderModel.h; path = Sources/AceXpanderModel.h; sourceTree = "<group>"; };
		CDCD01A30A60EE0600904705 /* AceXpanderModel.m */ = {isa = PBXFileReference; fileEncoding = 4; lastKnownFileType = sourcecode.c.objc; name = AceXpanderModel.m; path = Sources/AceXpanderModel.m; sourceTree = "<group>"; };
		CDCD01E20A61589A00904705 /* AceXpanderThread.h */ = {isa = PBXFileReference; fileEncoding = 4; lastKnownFileType = sourcecode.c.h; name = AceXpanderThread.h; path = Sources/AceXpanderThread.h; sourceTree = "<group>"; };
		CDCD01E30A61589A00904705 /* AceXpanderThread.m */ = {isa = PBXFileReference; fileEncoding = 4; lastKnownFileType = sourcecode.c.objc; name = AceXpanderThread.m; path = Sources/AceXpanderThread.m; sourceTree = "<group>"; };
		CDCD01E50A61592E00904705 /* AceXpanderContentItem.h */ = {isa = PBXFileReference; fileEncoding = 4; lastKnownFileType = sourcecode.c.h; name = AceXpanderContentItem.h; path = Sources/AceXpanderContentItem.h; sourceTree = "<group>"; };
		CDCD01E60A61592E00904705 /* AceXpanderContentItem.m */ = {isa = PBXFileReference; fileEncoding = 4; lastKnownFileType = sourcecode.c.objc; name = AceXpanderContentItem.m; path = Sources/AceXpanderContentItem.m; sourceTree = "<group>"; };
		CDCD01E90A61592E00904705 /* AceXpanderPreferences.h */ = {isa = PBXFileReference; fileEncoding = 4; lastKnownFileType = sourcecode.c.h; name = AceXpanderPreferences.h; path = Sources/AceXpanderPreferences.h; sourceTree = "<group>"; };
		CDCD01EA0A61592E00904705 /* AceXpanderPreferences.m */ = {isa = PBXFileReference; fileEncoding = 4; lastKnownFileType = sourcecode.c.objc; name = AceXpanderPreferences.m; path = Sources/AceXpanderPreferences.m; sourceTree = "<group>"; };
		CDCD01EB0A61592E00904705 /* AceXpanderTableView.h */ = {isa = PBXFileReference; fileEncoding = 4; lastKnownFileType = sourcecode.c.h; name = AceXpanderTableView.h; path = Sources/AceXpanderTableView.h; sourceTree = "<group>"; };
		CDCD01EC0A61592E00904705 /* AceXpanderTableView.m */ = {isa = PBXFileReference; fileEncoding = 4; lastKnownFileType = sourcecode.c.objc; name = AceXpanderTableView.m; path = Sources/AceXpanderTableView.m; sourceTree = "<group>"; };
		CDCD99830A5D85F4000EBEDB /* AceXpanderItem.h */ = {isa = PBXFileReference; fileEncoding = 4; lastKnownFileType = sourcecode.c.h; name = AceXpanderItem.h; path = Sources/AceXpanderItem.h; sourceTree = "<group>"; };
		CDCD99840A5D85F4000EBEDB /* AceXpanderItem.m */ = {isa = PBXFileReference; fileEncoding = 4; lastKnownFileType = sourcecode.c.objc; name = AceXpanderItem.m; path = Sources/AceXpanderItem.m; sourceTree = "<group>"; };
		CDDF9D620AFC2D7C001D5BA8 /* AceXpander.mdzip */ = {isa = PBXFileReference; lastKnownFileType = file; name = AceXpander.mdzip; path = UML/AceXpander.mdzip; sourceTree = "<group>"; };
		CDDF9D630AFC2D7C001D5BA8 /* Class diagram.png */ = {isa = PBXFileReference; lastKnownFileType = image.png; name = "Class diagram.png"; path = "UML/Class diagram.png"; sourceTree = "<group>"; };
		CDDF9D640AFC2D7C001D5BA8 /* Sequence Diagram - Expand archive.png */ = {isa = PBXFileReference; lastKnownFileType = image.png; name = "Sequence Diagram - Expand archive.png"; path = "UML/Sequence Diagram - Expand archive.png"; sourceTree = "<group>"; };
		CDECDBBC0AF6D0DE004227BB /* English */ = {isa = PBXFileReference; lastKnownFileType = text.rtf; name = English; path = English.lproj/Credits.rtf; sourceTree = "<group>"; };
		CDF922FE0AEEA29800BCF111 /* Doxyfile */ = {isa = PBXFileReference; fileEncoding = 4; lastKnownFileType = text; name = Doxyfile; path = doxygen/Doxyfile; sourceTree = "<group>"; };
		CDF923010AEEA2BA00BCF111 /* index.html */ = {isa = PBXFileReference; fileEncoding = 4; lastKnownFileType = text.html; name = index.html; path = doxygen/html/index.html; sourceTree = "<group>"; };
/* End PBXFileReference section */

/* Begin PBXFrameworksBuildPhase section */
		8D11072E0486CEB800E47090 /* Frameworks */ = {
			isa = PBXFrameworksBuildPhase;
			buildActionMask = 2147483647;
			files = (
				8D11072F0486CEB800E47090 /* Cocoa.framework in Frameworks */,
			);
			runOnlyForDeploymentPostprocessing = 0;
		};
/* End PBXFrameworksBuildPhase section */

/* Begin PBXGroup section */
		080E96DDFE201D6D7F000001 /* Sources */ = {
			isa = PBXGroup;
			children = (
				CDCD01E50A61592E00904705 /* AceXpanderContentItem.h */,
				CDCD01E60A61592E00904705 /* AceXpanderContentItem.m */,
				CDCD01A00A60EE0600904705 /* AceXpanderController.h */,
				CDCD01A10A60EE0600904705 /* AceXpanderController.m */,
				CDCD99830A5D85F4000EBEDB /* AceXpanderItem.h */,
				CDCD99840A5D85F4000EBEDB /* AceXpanderItem.m */,
				CDCD01A20A60EE0600904705 /* AceXpanderModel.h */,
				CDCD01A30A60EE0600904705 /* AceXpanderModel.m */,
				CDCD01E90A61592E00904705 /* AceXpanderPreferences.h */,
				CDCD01EA0A61592E00904705 /* AceXpanderPreferences.m */,
				CDCD01EB0A61592E00904705 /* AceXpanderTableView.h */,
				CDCD01EC0A61592E00904705 /* AceXpanderTableView.m */,
				CDCD01E20A61589A00904705 /* AceXpanderThread.h */,
				CDCD01E30A61589A00904705 /* AceXpanderThread.m */,
			);
			name = Sources;
			sourceTree = "<group>";
		};
		1058C7A0FEA54F0111CA2CBB /* Linked Frameworks */ = {
			isa = PBXGroup;
			children = (
				1058C7A1FEA54F0111CA2CBB /* Cocoa.framework */,
			);
			name = "Linked Frameworks";
			sourceTree = "<group>";
		};
		1058C7A2FEA54F0111CA2CBB /* Other Frameworks */ = {
			isa = PBXGroup;
			children = (
				29B97324FDCFA39411CA2CEA /* AppKit.framework */,
				13E42FB307B3F0F600E4EEF1 /* CoreData.framework */,
				29B97325FDCFA39411CA2CEA /* Foundation.framework */,
			);
			name = "Other Frameworks";
			sourceTree = "<group>";
		};
		19C28FACFE9D520D11CA2CBB /* Products */ = {
			isa = PBXGroup;
			children = (
				8D1107320486CEB800E47090 /* AceXpander.app */,
			);
			name = Products;
			sourceTree = "<group>";
		};
		29B97314FDCFA39411CA2CEA /* AceXpander */ = {
			isa = PBXGroup;
			children = (
				080E96DDFE201D6D7F000001 /* Sources */,
				29B97315FDCFA39411CA2CEA /* Other Sources */,
				CDBC09210A5B340E008C18B4 /* Documents */,
				CDBC09380A5B3468008C18B4 /* Icons */,
				CDBC093D0A5B349D008C18B4 /* unace */,
				29B97317FDCFA39411CA2CEA /* Resources */,
				CDF922F90AEEA23D00BCF111 /* doxygen */,
				CDDF9D600AFC2D50001D5BA8 /* UML */,
				29B97323FDCFA39411CA2CEA /* Frameworks */,
				19C28FACFE9D520D11CA2CBB /* Products */,
			);
			name = AceXpander;
			sourceTree = "<group>";
		};
		29B97315FDCFA39411CA2CEA /* Other Sources */ = {
			isa = PBXGroup;
			children = (
				CDBC09010A5B3008008C18B4 /* AceXpander_Prefix.pch */,
				CDBC09020A5B3009008C18B4 /* main.m */,
			);
			name = "Other Sources";
			sourceTree = "<group>";
		};
		29B97317FDCFA39411CA2CEA /* Resources */ = {
			isa = PBXGroup;
			children = (
				CDECDBBB0AF6D0DE004227BB /* Credits.rtf */,
				8D1107310486CEB800E47090 /* Info.plist */,
				29B97318FDCFA39411CA2CEA /* MainMenu.nib */,
				CDBC09670A5B37C4008C18B4 /* PasswordDialog.nib */,
				CDBC09690A5B37C4008C18B4 /* PreferencesDialog.nib */,
				CDBC09420A5B34DE008C18B4 /* distribute.sh */,
				CDBC09430A5B34E8008C18B4 /* RegistrationDomainDefaults.plist */,
			);
			name = Resources;
			sourceTree = "<group>";
		};
		29B97323FDCFA39411CA2CEA /* Frameworks */ = {
			isa = PBXGroup;
			children = (
				1058C7A0FEA54F0111CA2CBB /* Linked Frameworks */,
				1058C7A2FEA54F0111CA2CBB /* Other Frameworks */,
			);
			name = Frameworks;
			sourceTree = "<group>";
		};
		CDBC09210A5B340E008C18B4 /* Documents */ = {
			isa = PBXGroup;
			children = (
				CDBC09220A5B342C008C18B4 /* ChangeLog */,
				CDBC09230A5B342C008C18B4 /* COPYING */,
				CDBC09240A5B342C008C18B4 /* INSTALL */,
				CDBC09250A5B342C008C18B4 /* MANUAL */,
				CDBC09260A5B342C008C18B4 /* README */,
				CDBC09270A5B342C008C18B4 /* README.developer */,
				CDBC09280A5B342C008C18B4 /* ReleasePlan */,
				CDBC09290A5B342C008C18B4 /* ReleaseSteps */,
				CDBC092A0A5B342C008C18B4 /* SourceForge */,
				CDBC092B0A5B342C008C18B4 /* Testing */,
				CDBC092C0A5B342C008C18B4 /* TODO */,
			);
			name = Documents;
			sourceTree = "<group>";
		};
		CDBC09380A5B3468008C18B4 /* Icons */ = {
			isa = PBXGroup;
			children = (
				CDBC09390A5B3486008C18B4 /* Application.icns */,
				CDBC093A0A5B3486008C18B4 /* Document.icns */,
			);
			name = Icons;
			sourceTree = "<group>";
		};
		CDBC093D0A5B349D008C18B4 /* unace */ = {
			isa = PBXGroup;
			children = (
				CDBC093E0A5B34B0008C18B4 /* unace */,
				CDBC093F0A5B34B0008C18B4 /* unace.sh */,
			);
			name = unace;
			sourceTree = "<group>";
		};
		CDDF9D600AFC2D50001D5BA8 /* UML */ = {
			isa = PBXGroup;
			children = (
				CDDF9D620AFC2D7C001D5BA8 /* AceXpander.mdzip */,
				CDDF9D630AFC2D7C001D5BA8 /* Class diagram.png */,
				CDDF9D640AFC2D7C001D5BA8 /* Sequence Diagram - Expand archive.png */,
			);
			name = UML;
			sourceTree = "<group>";
		};
		CDF922F90AEEA23D00BCF111 /* doxygen */ = {
			isa = PBXGroup;
			children = (
				CDF923010AEEA2BA00BCF111 /* index.html */,
				CDF922FE0AEEA29800BCF111 /* Doxyfile */,
			);
			name = doxygen;
			sourceTree = "<group>";
		};
/* End PBXGroup section */

/* Begin PBXNativeTarget section */
		8D1107260486CEB800E47090 /* AceXpander */ = {
			isa = PBXNativeTarget;
			buildConfigurationList = C01FCF4A08A954540054247B /* Build configuration list for PBXNativeTarget "AceXpander" */;
			buildPhases = (
				8D1107290486CEB800E47090 /* Resources */,
				8D11072C0486CEB800E47090 /* Sources */,
				8D11072E0486CEB800E47090 /* Frameworks */,
				CDA8E4F60AEFE1800019DB6F /* Run doxygen */,
			);
			buildRules = (
			);
			dependencies = (
			);
			name = AceXpander;
			productInstallPath = "$(HOME)/Applications";
			productName = AceXpander;
			productReference = 8D1107320486CEB800E47090 /* AceXpander.app */;
			productType = "com.apple.product-type.application";
		};
/* End PBXNativeTarget section */

/* Begin PBXProject section */
		29B97313FDCFA39411CA2CEA /* Project object */ = {
			isa = PBXProject;
			buildConfigurationList = C01FCF4E08A954540054247B /* Build configuration list for PBXProject "AceXpander" */;
			hasScannedForEncodings = 1;
			mainGroup = 29B97314FDCFA39411CA2CEA /* AceXpander */;
			projectDirPath = "";
			targets = (
				8D1107260486CEB800E47090 /* AceXpander */,
			);
		};
/* End PBXProject section */

/* Begin PBXResourcesBuildPhase section */
		8D1107290486CEB800E47090 /* Resources */ = {
			isa = PBXResourcesBuildPhase;
			buildActionMask = 2147483647;
			files = (
				8D11072A0486CEB800E47090 /* MainMenu.nib in Resources */,
				CDBC092D0A5B342C008C18B4 /* ChangeLog in Resources */,
				CDBC092E0A5B342C008C18B4 /* COPYING in Resources */,
				CDBC092F0A5B342C008C18B4 /* INSTALL in Resources */,
				CDBC09300A5B342C008C18B4 /* MANUAL in Resources */,
				CDBC09310A5B342C008C18B4 /* README in Resources */,
				CDBC09320A5B342C008C18B4 /* README.developer in Resources */,
				CDBC09330A5B342C008C18B4 /* ReleasePlan in Resources */,
				CDBC09340A5B342C008C18B4 /* ReleaseSteps in Resources */,
				CDBC09350A5B342C008C18B4 /* SourceForge in Resources */,
				CDBC09360A5B342C008C18B4 /* Testing in Resources */,
				CDBC09370A5B342C008C18B4 /* TODO in Resources */,
				CDBC093B0A5B3486008C18B4 /* Application.icns in Resources */,
				CDBC093C0A5B3486008C18B4 /* Document.icns in Resources */,
				CDBC09400A5B34B0008C18B4 /* unace in Resources */,
				CDBC09410A5B34B0008C18B4 /* unace.sh in Resources */,
				CDBC09440A5B34E8008C18B4 /* RegistrationDomainDefaults.plist in Resources */,
				CDBC096B0A5B37C4008C18B4 /* PasswordDialog.nib in Resources */,
				CDBC096C0A5B37C4008C18B4 /* PreferencesDialog.nib in Resources */,
				CDECDBBD0AF6D0DE004227BB /* Credits.rtf in Resources */,
			);
			runOnlyForDeploymentPostprocessing = 0;
		};
/* End PBXResourcesBuildPhase section */

/* Begin PBXShellScriptBuildPhase section */
		CDA8E4F60AEFE1800019DB6F /* Run doxygen */ = {
			isa = PBXShellScriptBuildPhase;
			buildActionMask = 8;
			files = (
			);
			inputPaths = (
			);
			name = "Run doxygen";
			outputPaths = (
			);
			runOnlyForDeploymentPostprocessing = 1;
			shellPath = /bin/sh;
			shellScript = "#!/bin/sh\n\n# change directory because Doxyfile is configured with a relative input path \"..\"\ncd doxygen\n\n# clean the directory\nrm -rf html\n\n# generate docs\n/sw/bin/doxygen Doxyfile\n\n# open the html documentation\nopen html/index.html";
		};
/* End PBXShellScriptBuildPhase section */

/* Begin PBXSourcesBuildPhase section */
		8D11072C0486CEB800E47090 /* Sources */ = {
			isa = PBXSourcesBuildPhase;
			buildActionMask = 2147483647;
			files = (
				CDBC09030A5B3009008C18B4 /* main.m in Sources */,
				CDCD99850A5D85F4000EBEDB /* AceXpanderItem.m in Sources */,
				CDCD01A40A60EE0600904705 /* AceXpanderController.m in Sources */,
				CDCD01A50A60EE0600904705 /* AceXpanderModel.m in Sources */,
				CDCD01E40A61589C00904705 /* AceXpanderThread.m in Sources */,
				CDCD01ED0A61592E00904705 /* AceXpanderContentItem.m in Sources */,
				CDCD01EF0A61592E00904705 /* AceXpanderPreferences.m in Sources */,
				CDCD01F00A61592E00904705 /* AceXpanderTableView.m in Sources */,
			);
			runOnlyForDeploymentPostprocessing = 0;
		};
/* End PBXSourcesBuildPhase section */

/* Begin PBXVariantGroup section */
		29B97318FDCFA39411CA2CEA /* MainMenu.nib */ = {
			isa = PBXVariantGroup;
			children = (
				29B97319FDCFA39411CA2CEA /* English */,
			);
			name = MainMenu.nib;
			sourceTree = "<group>";
		};
		CDBC09670A5B37C4008C18B4 /* PasswordDialog.nib */ = {
			isa = PBXVariantGroup;
			children = (
				CDBC09680A5B37C4008C18B4 /* English */,
			);
			name = PasswordDialog.nib;
			sourceTree = "<group>";
		};
		CDBC09690A5B37C4008C18B4 /* PreferencesDialog.nib */ = {
			isa = PBXVariantGroup;
			children = (
				CDBC096A0A5B37C4008C18B4 /* English */,
			);
			name = PreferencesDialog.nib;
			sourceTree = "<group>";
		};
		CDECDBBB0AF6D0DE004227BB /* Credits.rtf */ = {
			isa = PBXVariantGroup;
			children = (
				CDECDBBC0AF6D0DE004227BB /* English */,
			);
			name = Credits.rtf;
			sourceTree = "<group>";
		};
/* End PBXVariantGroup section */

/* Begin XCBuildConfiguration section */
		C01FCF4B08A954540054247B /* Debug */ = {
			isa = XCBuildConfiguration;
			buildSettings = {
				COPY_PHASE_STRIP = NO;
				GCC_DYNAMIC_NO_PIC = NO;
				GCC_ENABLE_FIX_AND_CONTINUE = YES;
				GCC_MODEL_TUNING = G5;
				GCC_OPTIMIZATION_LEVEL = 0;
				INFOPLIST_FILE = Info.plist;
				INSTALL_PATH = "$(HOME)/Applications";
				PRODUCT_NAME = AceXpander;
				WRAPPER_EXTENSION = app;
				ZERO_LINK = YES;
			};
			name = Debug;
		};
		C01FCF4C08A954540054247B /* Release */ = {
			isa = XCBuildConfiguration;
			buildSettings = {
				GCC_GENERATE_DEBUGGING_SYMBOLS = NO;
				GCC_MODEL_TUNING = G5;
				INFOPLIST_FILE = Info.plist;
				INSTALL_PATH = "$(HOME)/Applications";
				PRODUCT_NAME = AceXpander;
				WRAPPER_EXTENSION = app;
			};
			name = Release;
		};
		C01FCF4F08A954540054247B /* Debug */ = {
			isa = XCBuildConfiguration;
			buildSettings = {
				GCC_ENABLE_OBJC_EXCEPTIONS = YES;
				GCC_WARN_ABOUT_RETURN_TYPE = YES;
				GCC_WARN_UNUSED_VARIABLE = YES;
				PREBINDING = NO;
				SDKROOT = /Developer/SDKs/MacOSX10.4u.sdk;
			};
			name = Debug;
		};
		C01FCF5008A954540054247B /* Release */ = {
			isa = XCBuildConfiguration;
			buildSettings = {
				ARCHS = (
					ppc,
					i386,
				);
				GCC_ENABLE_OBJC_EXCEPTIONS = YES;
				GCC_WARN_ABOUT_RETURN_TYPE = YES;
				GCC_WARN_UNUSED_VARIABLE = YES;
				PREBINDING = NO;
				SDKROOT = /Developer/SDKs/MacOSX10.4u.sdk;
			};
			name = Release;
		};
/* End XCBuildConfiguration section */

/* Begin XCConfigurationList section */
		C01FCF4A08A954540054247B /* Build configuration list for PBXNativeTarget "AceXpander" */ = {
			isa = XCConfigurationList;
			buildConfigurations = (
				C01FCF4B08A954540054247B /* Debug */,
				C01FCF4C08A954540054247B /* Release */,
			);
			defaultConfigurationIsVisible = 0;
			defaultConfigurationName = Release;
		};
		C01FCF4E08A954540054247B /* Build configuration list for PBXProject "AceXpander" */ = {
			isa = XCConfigurationList;
			buildConfigurations = (
				C01FCF4F08A954540054247B /* Debug */,
				C01FCF5008A954540054247B /* Release */,
			);
			defaultConfigurationIsVisible = 0;
			defaultConfigurationName = Release;
		};
/* End XCConfigurationList section */
	};
	rootObject = 29B97313FDCFA39411CA2CEA /* Project object */;
}
